
Microsoft Visual Studio Solution File, Format Version 12.00
# Visual Studio Version 17
VisualStudioVersion = 17.4.33213.308
MinimumVisualStudioVersion = 10.0.40219.1
Project("{9A19103F-16F7-4668-BE54-9A1E7A4F7556}") = "CompanyEmployees", "CompanyEmployees.csproj", "{FF538DDA-DBF9-4559-AA61-3CBA0D2F469F}"
EndProject
Project("{FAE04EC0-301F-11D3-BF4B-00C04F79EFBC}") = "Contrast", "..\Contrast\Contrast.csproj", "{AF2D4BC5-FBB8-43FE-B703-3CECB07F02E8}"
EndProject
Global
	GlobalSection(SolutionConfigurationPlatforms) = preSolution
		Debug|Any CPU = Debug|Any CPU
		Release|Any CPU = Release|Any CPU
	EndGlobalSection
	GlobalSection(ProjectConfigurationPlatforms) = postSolution
		{FF538DDA-DBF9-4559-AA61-3CBA0D2F469F}.Debug|Any CPU.ActiveCfg = Debug|Any CPU
		{FF538DDA-DBF9-4559-AA61-3CBA0D2F469F}.Debug|Any CPU.Build.0 = Debug|Any CPU
		{FF538DDA-DBF9-4559-AA61-3CBA0D2F469F}.Release|Any CPU.ActiveCfg = Release|Any CPU
		{FF538DDA-DBF9-4559-AA61-3CBA0D2F469F}.Release|Any CPU.Build.0 = Release|Any CPU
		{AF2D4BC5-FBB8-43FE-B703-3CECB07F02E8}.Debug|Any CPU.ActiveCfg = Debug|Any CPU
		{AF2D4BC5-FBB8-43FE-B703-3CECB07F02E8}.Debug|Any CPU.Build.0 = Debug|Any CPU
		{AF2D4BC5-FBB8-43FE-B703-3CECB07F02E8}.Release|Any CPU.ActiveCfg = Release|Any CPU
		{AF2D4BC5-FBB8-43FE-B703-3CECB07F02E8}.Release|Any CPU.Build.0 = Release|Any CPU
	EndGlobalSection
	GlobalSection(SolutionProperties) = preSolution
		HideSolutionNode = FALSE
	EndGlobalSection
	GlobalSection(ExtensibilityGlobals) = postSolution
		SolutionGuid = {B3960BE7-4523-4615-97A2-7BD15E8802B9}
	EndGlobalSection
EndGlobal
